
Microsoft Visual Studio Solution File, Format Version 12.00
# Visual Studio Version 16
VisualStudioVersion = 16.0.30413.136
MinimumVisualStudioVersion = 10.0.40219.1
Project("{9A19103F-16F7-4668-BE54-9A1E7A4F7556}") = "MemoryProtection", "MemoryProtection\MemoryProtection.csproj", "{65B6B1EE-CD27-43BE-A584-CCBA4EC31922}"
EndProject
Project("{2150E333-8FDC-42A3-9474-1A3956D46DE8}") = "Solution Items", "Solution Items", "{50613357-F3F5-4E10-B3B4-28E274339AF0}"
	ProjectSection(SolutionItems) = preProject
		.editorconfig = .editorconfig
	EndProjectSection
EndProject
Global
	GlobalSection(SolutionConfigurationPlatforms) = preSolution
		Debug|Any CPU = Debug|Any CPU
		Release|Any CPU = Release|Any CPU
	EndGlobalSection
	GlobalSection(ProjectConfigurationPlatforms) = postSolution
		{65B6B1EE-CD27-43BE-A584-CCBA4EC31922}.Debug|Any CPU.ActiveCfg = Debug|Any CPU
		{65B6B1EE-CD27-43BE-A584-CCBA4EC31922}.Debug|Any CPU.Build.0 = Debug|Any CPU
		{65B6B1EE-CD27-43BE-A584-CCBA4EC31922}.Release|Any CPU.ActiveCfg = Release|Any CPU
		{65B6B1EE-CD27-43BE-A584-CCBA4EC31922}.Release|Any CPU.Build.0 = Release|Any CPU
	EndGlobalSection
	GlobalSection(SolutionProperties) = preSolution
		HideSolutionNode = FALSE
	EndGlobalSection
	GlobalSection(ExtensibilityGlobals) = postSolution
		SolutionGuid = {C9A3BBEA-7A10-423B-ACE3-3A726D01D9C2}
	EndGlobalSection
EndGlobal
